{
  "requires": true,
  "lockfileVersion": 1,
  "dependencies": {
    "commander": {
      "version": "2.11.0",
      "resolved": "https://registry.npmjs.org/commander/-/commander-2.11.0.tgz",
      "integrity": "sha512-b0553uYA5YAEGgyYIGYROzKQ7X5RAqedkfjiZxwi0kL1g3bOaBNNZfYkzt/CL0umgD5wc9Jec2FbB98CjkMRvQ=="
    },
    "topojson": {
      "version": "3.0.0",
      "resolved": "https://registry.npmjs.org/topojson/-/topojson-3.0.0.tgz",
      "integrity": "sha1-wqyht2Q16AHc4/IpWGu9V2cRXOM=",
      "requires": {
        "topojson-client": "3.0.0",
        "topojson-server": "3.0.0",
        "topojson-simplify": "3.0.0"
      },
      "dependencies": {
        "topojson-client": {
          "version": "3.0.0",
          "resolved": "https://registry.npmjs.org/topojson-client/-/topojson-client-3.0.0.tgz",
          "integrity": "sha1-H5kpOnfvQqRI0DKoGqmCtz82DS8=",
          "requires": {
            "commander": "2.11.0"
          }
        },
        "topojson-server": {
          "version": "3.0.0",
          "resolved": "https://registry.npmjs.org/topojson-server/-/topojson-server-3.0.0.tgz",
          "integrity": "sha1-N4546Hw5cqe1vixdYENptrrmnF4=",
          "requires": {
            "commander": "2.11.0"
          }
        },
        "topojson-simplify": {
          "version": "3.0.0",
          "resolved": "https://registry.npmjs.org/topojson-simplify/-/topojson-simplify-3.0.0.tgz",
          "integrity": "sha1-WFJ9JsqFvYWJtYAPbBDpOIUkWuU=",
          "requires": {
            "commander": "2.11.0",
            "topojson-client": "3.0.0"
          }
        }
      }
    }
  }
}
